
Microsoft Visual Studio Solution File, Format Version 12.00
# Visual Studio Version 17
VisualStudioVersion = 17.1.32210.238
MinimumVisualStudioVersion = 10.0.40219.1
Project("{2150E333-8FDC-42A3-9474-1A3956D46DE8}") = "root", "root", "{F02DBEDA-6AEB-461A-9557-DA7E2CB56C5A}"
	ProjectSection(SolutionItems) = preProject
		..\.travis.yml = ..\.travis.yml
		..\LICENSE = ..\LICENSE
		..\README.md = ..\README.md
	EndProjectSection
EndProject
Project("{2150E333-8FDC-42A3-9474-1A3956D46DE8}") = "DevTools", "DevTools", "{3C626068-E8CE-4F62-8974-F42A56F4EFD3}"
EndProject
Project("{2150E333-8FDC-42A3-9474-1A3956D46DE8}") = "Interpreters", "Interpreters", "{16A9EA72-79A5-448D-B7A3-55E7D8362479}"
EndProject
Project("{2150E333-8FDC-42A3-9474-1A3956D46DE8}") = "RemoteDebuggers", "RemoteDebuggers", "{5014C740-F6C7-4995-8D40-C250FB159A20}"
EndProject
Project("{2150E333-8FDC-42A3-9474-1A3956D46DE8}") = "Distribution", "Distribution", "{59F722D5-6E5C-4544-A849-18E7CE876FDF}"
EndProject
Project("{2150E333-8FDC-42A3-9474-1A3956D46DE8}") = "Tests", "Tests", "{FA582319-EA17-4C52-870D-C00EF793628F}"
EndProject
Project("{2150E333-8FDC-42A3-9474-1A3956D46DE8}") = "TestRunners", "TestRunners", "{023F1F7D-5F49-430F-9CC4-5FF891439548}"
EndProject
Project("{2150E333-8FDC-42A3-9474-1A3956D46DE8}") = "Extensions", "Extensions", "{32D6B30B-3970-45A0-AE63-2150CAEC325A}"
EndProject
Project("{2150E333-8FDC-42A3-9474-1A3956D46DE8}") = "Tutorial", "Tutorial", "{1AD0980F-0C79-4F83-A638-5CB22ED62675}"
EndProject
Project("{7CF6DF6D-3B04-46F8-A40B-537D21BCA0B4}") = "MoonSharp.Documentation", "MoonSharp.Documentation\MoonSharp.Documentation.shfbproj", "{26B3033C-D1E2-4188-870C-D197E95A7F6B}"
EndProject
Project("{9A19103F-16F7-4668-BE54-9A1E7A4F7556}") = "MoonSharp.Interpreter", "MoonSharp.Interpreter\MoonSharp.Interpreter.csproj", "{CB2CB168-36C8-4D55-809C-7061CF4F6854}"
EndProject
Project("{9A19103F-16F7-4668-BE54-9A1E7A4F7556}") = "MoonSharp.VsCodeDebugger", "MoonSharp.VsCodeDebugger\MoonSharp.VsCodeDebugger.csproj", "{ACA22B1F-7187-4E71-9D27-7196C1374086}"
EndProject
Project("{2150E333-8FDC-42A3-9474-1A3956D46DE8}") = "Solution Items", "Solution Items", "{6604B4EB-3418-4AD6-8D9C-02A86274A6E7}"
	ProjectSection(SolutionItems) = preProject
		global.json = global.json
	EndProjectSection
EndProject
Project("{9A19103F-16F7-4668-BE54-9A1E7A4F7556}") = "DotNetCoreTestRunner", "TestRunners\DotNetCoreTestRunner\DotNetCoreTestRunner.csproj", "{541C9DCC-3656-459D-AD99-A0CD03D264D6}"
EndProject
Project("{9A19103F-16F7-4668-BE54-9A1E7A4F7556}") = "Moonsharp", "MoonSharp\Moonsharp.csproj", "{23960DFD-56CD-4EFC-A702-5DCBEE1A6C5F}"
EndProject
Project("{9A19103F-16F7-4668-BE54-9A1E7A4F7556}") = "Moonsharp.Hardwire", "MoonSharp.Hardwire\Moonsharp.Hardwire.csproj", "{8FF6AEA4-A01B-49AD-A7A4-31FD6EE70F83}"
EndProject
Project("{9A19103F-16F7-4668-BE54-9A1E7A4F7556}") = "MoonSharp.VmDebugger", "DevTools\MoonSharp.VmDebugger\MoonSharp.VmDebugger.csproj", "{5D2BDA18-AE00-472D-B81A-EEB71B68AF6D}"
EndProject
Project("{9A19103F-16F7-4668-BE54-9A1E7A4F7556}") = "MoonSharpPreGen", "MoonSharpPreGen\MoonSharpPreGen.csproj", "{8D4C2501-82D3-421E-8A2B-FD7472308AC0}"
EndProject
Project("{9A19103F-16F7-4668-BE54-9A1E7A4F7556}") = "Tutorials", "Tutorial\Tutorials\Tutorials.csproj", "{BF695A48-47E4-4244-A100-5CAEF96C2C67}"
EndProject
Project("{9A19103F-16F7-4668-BE54-9A1E7A4F7556}") = "MoonSharp.RemoteDebugger", "MoonSharp.RemoteDebugger\MoonSharp.RemoteDebugger.csproj", "{26D33A89-E438-4711-BBF1-32501CB22FCF}"
EndProject
Global
	GlobalSection(SolutionConfigurationPlatforms) = preSolution
		CI|Any CPU = CI|Any CPU
		CI|ARM = CI|ARM
		CI|x64 = CI|x64
		CI|x86 = CI|x86
		Debug|Any CPU = Debug|Any CPU
		Debug|ARM = Debug|ARM
		Debug|x64 = Debug|x64
		Debug|x86 = Debug|x86
		Dev|Any CPU = Dev|Any CPU
		Dev|ARM = Dev|ARM
		Dev|x64 = Dev|x64
		Dev|x86 = Dev|x86
		Devp4|Any CPU = Devp4|Any CPU
		Devp4|ARM = Devp4|ARM
		Devp4|x64 = Devp4|x64
		Devp4|x86 = Devp4|x86
		Release|Any CPU = Release|Any CPU
		Release|ARM = Release|ARM
		Release|x64 = Release|x64
		Release|x86 = Release|x86
	EndGlobalSection
	GlobalSection(ProjectConfigurationPlatforms) = postSolution
		{26B3033C-D1E2-4188-870C-D197E95A7F6B}.CI|Any CPU.ActiveCfg = Release|Any CPU
		{26B3033C-D1E2-4188-870C-D197E95A7F6B}.CI|ARM.ActiveCfg = Release|Any CPU
		{26B3033C-D1E2-4188-870C-D197E95A7F6B}.CI|x64.ActiveCfg = Release|Any CPU
		{26B3033C-D1E2-4188-870C-D197E95A7F6B}.CI|x86.ActiveCfg = Release|Any CPU
		{26B3033C-D1E2-4188-870C-D197E95A7F6B}.Debug|Any CPU.ActiveCfg = Debug|Any CPU
		{26B3033C-D1E2-4188-870C-D197E95A7F6B}.Debug|ARM.ActiveCfg = Debug|Any CPU
		{26B3033C-D1E2-4188-870C-D197E95A7F6B}.Debug|x64.ActiveCfg = Debug|Any CPU
		{26B3033C-D1E2-4188-870C-D197E95A7F6B}.Debug|x86.ActiveCfg = Debug|Any CPU
		{26B3033C-D1E2-4188-870C-D197E95A7F6B}.Dev|Any CPU.ActiveCfg = Dev|Any CPU
		{26B3033C-D1E2-4188-870C-D197E95A7F6B}.Dev|ARM.ActiveCfg = Dev|Any CPU
		{26B3033C-D1E2-4188-870C-D197E95A7F6B}.Dev|x64.ActiveCfg = Dev|Any CPU
		{26B3033C-D1E2-4188-870C-D197E95A7F6B}.Dev|x86.ActiveCfg = Dev|Any CPU
		{26B3033C-D1E2-4188-870C-D197E95A7F6B}.Devp4|Any CPU.ActiveCfg = Devp4|Any CPU
		{26B3033C-D1E2-4188-870C-D197E95A7F6B}.Devp4|ARM.ActiveCfg = Devp4|Any CPU
		{26B3033C-D1E2-4188-870C-D197E95A7F6B}.Devp4|x64.ActiveCfg = Devp4|Any CPU
		{26B3033C-D1E2-4188-870C-D197E95A7F6B}.Devp4|x86.ActiveCfg = Devp4|Any CPU
		{26B3033C-D1E2-4188-870C-D197E95A7F6B}.Release|Any CPU.ActiveCfg = Release|Any CPU
		{26B3033C-D1E2-4188-870C-D197E95A7F6B}.Release|ARM.ActiveCfg = Release|Any CPU
		{26B3033C-D1E2-4188-870C-D197E95A7F6B}.Release|x64.ActiveCfg = Release|Any CPU
		{26B3033C-D1E2-4188-870C-D197E95A7F6B}.Release|x86.ActiveCfg = Release|Any CPU
		{CB2CB168-36C8-4D55-809C-7061CF4F6854}.CI|Any CPU.ActiveCfg = Debug|Any CPU
		{CB2CB168-36C8-4D55-809C-7061CF4F6854}.CI|Any CPU.Build.0 = Debug|Any CPU
		{CB2CB168-36C8-4D55-809C-7061CF4F6854}.CI|ARM.ActiveCfg = Debug|Any CPU
		{CB2CB168-36C8-4D55-809C-7061CF4F6854}.CI|ARM.Build.0 = Debug|Any CPU
		{CB2CB168-36C8-4D55-809C-7061CF4F6854}.CI|x64.ActiveCfg = Debug|Any CPU
		{CB2CB168-36C8-4D55-809C-7061CF4F6854}.CI|x64.Build.0 = Debug|Any CPU
		{CB2CB168-36C8-4D55-809C-7061CF4F6854}.CI|x86.ActiveCfg = Debug|Any CPU
		{CB2CB168-36C8-4D55-809C-7061CF4F6854}.CI|x86.Build.0 = Debug|Any CPU
		{CB2CB168-36C8-4D55-809C-7061CF4F6854}.Debug|Any CPU.ActiveCfg = Debug|Any CPU
		{CB2CB168-36C8-4D55-809C-7061CF4F6854}.Debug|Any CPU.Build.0 = Debug|Any CPU
		{CB2CB168-36C8-4D55-809C-7061CF4F6854}.Debug|ARM.ActiveCfg = Debug|Any CPU
		{CB2CB168-36C8-4D55-809C-7061CF4F6854}.Debug|ARM.Build.0 = Debug|Any CPU
		{CB2CB168-36C8-4D55-809C-7061CF4F6854}.Debug|x64.ActiveCfg = Debug|Any CPU
		{CB2CB168-36C8-4D55-809C-7061CF4F6854}.Debug|x64.Build.0 = Debug|Any CPU
		{CB2CB168-36C8-4D55-809C-7061CF4F6854}.Debug|x86.ActiveCfg = Debug|Any CPU
		{CB2CB168-36C8-4D55-809C-7061CF4F6854}.Debug|x86.Build.0 = Debug|Any CPU
		{CB2CB168-36C8-4D55-809C-7061CF4F6854}.Dev|Any CPU.ActiveCfg = Debug|Any CPU
		{CB2CB168-36C8-4D55-809C-7061CF4F6854}.Dev|Any CPU.Build.0 = Debug|Any CPU
		{CB2CB168-36C8-4D55-809C-7061CF4F6854}.Dev|ARM.ActiveCfg = Debug|Any CPU
		{CB2CB168-36C8-4D55-809C-7061CF4F6854}.Dev|ARM.Build.0 = Debug|Any CPU
		{CB2CB168-36C8-4D55-809C-7061CF4F6854}.Dev|x64.ActiveCfg = Debug|Any CPU
		{CB2CB168-36C8-4D55-809C-7061CF4F6854}.Dev|x64.Build.0 = Debug|Any CPU
		{CB2CB168-36C8-4D55-809C-7061CF4F6854}.Dev|x86.ActiveCfg = Debug|Any CPU
		{CB2CB168-36C8-4D55-809C-7061CF4F6854}.Dev|x86.Build.0 = Debug|Any CPU
		{CB2CB168-36C8-4D55-809C-7061CF4F6854}.Devp4|Any CPU.ActiveCfg = Debug|Any CPU
		{CB2CB168-36C8-4D55-809C-7061CF4F6854}.Devp4|Any CPU.Build.0 = Debug|Any CPU
		{CB2CB168-36C8-4D55-809C-7061CF4F6854}.Devp4|ARM.ActiveCfg = Debug|Any CPU
		{CB2CB168-36C8-4D55-809C-7061CF4F6854}.Devp4|ARM.Build.0 = Debug|Any CPU
		{CB2CB168-36C8-4D55-809C-7061CF4F6854}.Devp4|x64.ActiveCfg = Debug|Any CPU
		{CB2CB168-36C8-4D55-809C-7061CF4F6854}.Devp4|x64.Build.0 = Debug|Any CPU
		{CB2CB168-36C8-4D55-809C-7061CF4F6854}.Devp4|x86.ActiveCfg = Debug|Any CPU
		{CB2CB168-36C8-4D55-809C-7061CF4F6854}.Devp4|x86.Build.0 = Debug|Any CPU
		{CB2CB168-36C8-4D55-809C-7061CF4F6854}.Release|Any CPU.ActiveCfg = Release|Any CPU
		{CB2CB168-36C8-4D55-809C-7061CF4F6854}.Release|Any CPU.Build.0 = Release|Any CPU
		{CB2CB168-36C8-4D55-809C-7061CF4F6854}.Release|ARM.ActiveCfg = Release|Any CPU
		{CB2CB168-36C8-4D55-809C-7061CF4F6854}.Release|ARM.Build.0 = Release|Any CPU
		{CB2CB168-36C8-4D55-809C-7061CF4F6854}.Release|x64.ActiveCfg = Release|Any CPU
		{CB2CB168-36C8-4D55-809C-7061CF4F6854}.Release|x64.Build.0 = Release|Any CPU
		{CB2CB168-36C8-4D55-809C-7061CF4F6854}.Release|x86.ActiveCfg = Release|Any CPU
		{CB2CB168-36C8-4D55-809C-7061CF4F6854}.Release|x86.Build.0 = Release|Any CPU
		{ACA22B1F-7187-4E71-9D27-7196C1374086}.CI|Any CPU.ActiveCfg = Debug|Any CPU
		{ACA22B1F-7187-4E71-9D27-7196C1374086}.CI|Any CPU.Build.0 = Debug|Any CPU
		{ACA22B1F-7187-4E71-9D27-7196C1374086}.CI|ARM.ActiveCfg = Debug|Any CPU
		{ACA22B1F-7187-4E71-9D27-7196C1374086}.CI|ARM.Build.0 = Debug|Any CPU
		{ACA22B1F-7187-4E71-9D27-7196C1374086}.CI|x64.ActiveCfg = Debug|Any CPU
		{ACA22B1F-7187-4E71-9D27-7196C1374086}.CI|x64.Build.0 = Debug|Any CPU
		{ACA22B1F-7187-4E71-9D27-7196C1374086}.CI|x86.ActiveCfg = Debug|Any CPU
		{ACA22B1F-7187-4E71-9D27-7196C1374086}.CI|x86.Build.0 = Debug|Any CPU
		{ACA22B1F-7187-4E71-9D27-7196C1374086}.Debug|Any CPU.ActiveCfg = Debug|Any CPU
		{ACA22B1F-7187-4E71-9D27-7196C1374086}.Debug|Any CPU.Build.0 = Debug|Any CPU
		{ACA22B1F-7187-4E71-9D27-7196C1374086}.Debug|ARM.ActiveCfg = Debug|Any CPU
		{ACA22B1F-7187-4E71-9D27-7196C1374086}.Debug|ARM.Build.0 = Debug|Any CPU
		{ACA22B1F-7187-4E71-9D27-7196C1374086}.Debug|x64.ActiveCfg = Debug|Any CPU
		{ACA22B1F-7187-4E71-9D27-7196C1374086}.Debug|x64.Build.0 = Debug|Any CPU
		{ACA22B1F-7187-4E71-9D27-7196C1374086}.Debug|x86.ActiveCfg = Debug|Any CPU
		{ACA22B1F-7187-4E71-9D27-7196C1374086}.Debug|x86.Build.0 = Debug|Any CPU
		{ACA22B1F-7187-4E71-9D27-7196C1374086}.Dev|Any CPU.ActiveCfg = Debug|Any CPU
		{ACA22B1F-7187-4E71-9D27-7196C1374086}.Dev|Any CPU.Build.0 = Debug|Any CPU
		{ACA22B1F-7187-4E71-9D27-7196C1374086}.Dev|ARM.ActiveCfg = Debug|Any CPU
		{ACA22B1F-7187-4E71-9D27-7196C1374086}.Dev|ARM.Build.0 = Debug|Any CPU
		{ACA22B1F-7187-4E71-9D27-7196C1374086}.Dev|x64.ActiveCfg = Debug|Any CPU
		{ACA22B1F-7187-4E71-9D27-7196C1374086}.Dev|x64.Build.0 = Debug|Any CPU
		{ACA22B1F-7187-4E71-9D27-7196C1374086}.Dev|x86.ActiveCfg = Debug|Any CPU
		{ACA22B1F-7187-4E71-9D27-7196C1374086}.Dev|x86.Build.0 = Debug|Any CPU
		{ACA22B1F-7187-4E71-9D27-7196C1374086}.Devp4|Any CPU.ActiveCfg = Debug|Any CPU
		{ACA22B1F-7187-4E71-9D27-7196C1374086}.Devp4|Any CPU.Build.0 = Debug|Any CPU
		{ACA22B1F-7187-4E71-9D27-7196C1374086}.Devp4|ARM.ActiveCfg = Debug|Any CPU
		{ACA22B1F-7187-4E71-9D27-7196C1374086}.Devp4|ARM.Build.0 = Debug|Any CPU
		{ACA22B1F-7187-4E71-9D27-7196C1374086}.Devp4|x64.ActiveCfg = Debug|Any CPU
		{ACA22B1F-7187-4E71-9D27-7196C1374086}.Devp4|x64.Build.0 = Debug|Any CPU
		{ACA22B1F-7187-4E71-9D27-7196C1374086}.Devp4|x86.ActiveCfg = Debug|Any CPU
		{ACA22B1F-7187-4E71-9D27-7196C1374086}.Devp4|x86.Build.0 = Debug|Any CPU
		{ACA22B1F-7187-4E71-9D27-7196C1374086}.Release|Any CPU.ActiveCfg = Release|Any CPU
		{ACA22B1F-7187-4E71-9D27-7196C1374086}.Release|Any CPU.Build.0 = Release|Any CPU
		{ACA22B1F-7187-4E71-9D27-7196C1374086}.Release|ARM.ActiveCfg = Release|Any CPU
		{ACA22B1F-7187-4E71-9D27-7196C1374086}.Release|ARM.Build.0 = Release|Any CPU
		{ACA22B1F-7187-4E71-9D27-7196C1374086}.Release|x64.ActiveCfg = Release|Any CPU
		{ACA22B1F-7187-4E71-9D27-7196C1374086}.Release|x64.Build.0 = Release|Any CPU
		{ACA22B1F-7187-4E71-9D27-7196C1374086}.Release|x86.ActiveCfg = Release|Any CPU
		{ACA22B1F-7187-4E71-9D27-7196C1374086}.Release|x86.Build.0 = Release|Any CPU
		{541C9DCC-3656-459D-AD99-A0CD03D264D6}.CI|Any CPU.ActiveCfg = Debug|Any CPU
		{541C9DCC-3656-459D-AD99-A0CD03D264D6}.CI|Any CPU.Build.0 = Debug|Any CPU
		{541C9DCC-3656-459D-AD99-A0CD03D264D6}.CI|ARM.ActiveCfg = Debug|Any CPU
		{541C9DCC-3656-459D-AD99-A0CD03D264D6}.CI|ARM.Build.0 = Debug|Any CPU
		{541C9DCC-3656-459D-AD99-A0CD03D264D6}.CI|x64.ActiveCfg = Debug|Any CPU
		{541C9DCC-3656-459D-AD99-A0CD03D264D6}.CI|x64.Build.0 = Debug|Any CPU
		{541C9DCC-3656-459D-AD99-A0CD03D264D6}.CI|x86.ActiveCfg = Debug|Any CPU
		{541C9DCC-3656-459D-AD99-A0CD03D264D6}.CI|x86.Build.0 = Debug|Any CPU
		{541C9DCC-3656-459D-AD99-A0CD03D264D6}.Debug|Any CPU.ActiveCfg = Debug|Any CPU
		{541C9DCC-3656-459D-AD99-A0CD03D264D6}.Debug|Any CPU.Build.0 = Debug|Any CPU
		{541C9DCC-3656-459D-AD99-A0CD03D264D6}.Debug|ARM.ActiveCfg = Debug|Any CPU
		{541C9DCC-3656-459D-AD99-A0CD03D264D6}.Debug|ARM.Build.0 = Debug|Any CPU
		{541C9DCC-3656-459D-AD99-A0CD03D264D6}.Debug|x64.ActiveCfg = Debug|Any CPU
		{541C9DCC-3656-459D-AD99-A0CD03D264D6}.Debug|x64.Build.0 = Debug|Any CPU
		{541C9DCC-3656-459D-AD99-A0CD03D264D6}.Debug|x86.ActiveCfg = Debug|Any CPU
		{541C9DCC-3656-459D-AD99-A0CD03D264D6}.Debug|x86.Build.0 = Debug|Any CPU
		{541C9DCC-3656-459D-AD99-A0CD03D264D6}.Dev|Any CPU.ActiveCfg = Debug|Any CPU
		{541C9DCC-3656-459D-AD99-A0CD03D264D6}.Dev|Any CPU.Build.0 = Debug|Any CPU
		{541C9DCC-3656-459D-AD99-A0CD03D264D6}.Dev|ARM.ActiveCfg = Debug|Any CPU
		{541C9DCC-3656-459D-AD99-A0CD03D264D6}.Dev|ARM.Build.0 = Debug|Any CPU
		{541C9DCC-3656-459D-AD99-A0CD03D264D6}.Dev|x64.ActiveCfg = Debug|Any CPU
		{541C9DCC-3656-459D-AD99-A0CD03D264D6}.Dev|x64.Build.0 = Debug|Any CPU
		{541C9DCC-3656-459D-AD99-A0CD03D264D6}.Dev|x86.ActiveCfg = Debug|Any CPU
		{541C9DCC-3656-459D-AD99-A0CD03D264D6}.Dev|x86.Build.0 = Debug|Any CPU
		{541C9DCC-3656-459D-AD99-A0CD03D264D6}.Devp4|Any CPU.ActiveCfg = Debug|Any CPU
		{541C9DCC-3656-459D-AD99-A0CD03D264D6}.Devp4|Any CPU.Build.0 = Debug|Any CPU
		{541C9DCC-3656-459D-AD99-A0CD03D264D6}.Devp4|ARM.ActiveCfg = Debug|Any CPU
		{541C9DCC-3656-459D-AD99-A0CD03D264D6}.Devp4|ARM.Build.0 = Debug|Any CPU
		{541C9DCC-3656-459D-AD99-A0CD03D264D6}.Devp4|x64.ActiveCfg = Debug|Any CPU
		{541C9DCC-3656-459D-AD99-A0CD03D264D6}.Devp4|x64.Build.0 = Debug|Any CPU
		{541C9DCC-3656-459D-AD99-A0CD03D264D6}.Devp4|x86.ActiveCfg = Debug|Any CPU
		{541C9DCC-3656-459D-AD99-A0CD03D264D6}.Devp4|x86.Build.0 = Debug|Any CPU
		{541C9DCC-3656-459D-AD99-A0CD03D264D6}.Release|Any CPU.ActiveCfg = Release|Any CPU
		{541C9DCC-3656-459D-AD99-A0CD03D264D6}.Release|Any CPU.Build.0 = Release|Any CPU
		{541C9DCC-3656-459D-AD99-A0CD03D264D6}.Release|ARM.ActiveCfg = Release|Any CPU
		{541C9DCC-3656-459D-AD99-A0CD03D264D6}.Release|ARM.Build.0 = Release|Any CPU
		{541C9DCC-3656-459D-AD99-A0CD03D264D6}.Release|x64.ActiveCfg = Release|Any CPU
		{541C9DCC-3656-459D-AD99-A0CD03D264D6}.Release|x64.Build.0 = Release|Any CPU
		{541C9DCC-3656-459D-AD99-A0CD03D264D6}.Release|x86.ActiveCfg = Release|Any CPU
		{541C9DCC-3656-459D-AD99-A0CD03D264D6}.Release|x86.Build.0 = Release|Any CPU
		{23960DFD-56CD-4EFC-A702-5DCBEE1A6C5F}.CI|Any CPU.ActiveCfg = Debug|Any CPU
		{23960DFD-56CD-4EFC-A702-5DCBEE1A6C5F}.CI|Any CPU.Build.0 = Debug|Any CPU
		{23960DFD-56CD-4EFC-A702-5DCBEE1A6C5F}.CI|ARM.ActiveCfg = Debug|Any CPU
		{23960DFD-56CD-4EFC-A702-5DCBEE1A6C5F}.CI|ARM.Build.0 = Debug|Any CPU
		{23960DFD-56CD-4EFC-A702-5DCBEE1A6C5F}.CI|x64.ActiveCfg = Debug|Any CPU
		{23960DFD-56CD-4EFC-A702-5DCBEE1A6C5F}.CI|x64.Build.0 = Debug|Any CPU
		{23960DFD-56CD-4EFC-A702-5DCBEE1A6C5F}.CI|x86.ActiveCfg = Debug|Any CPU
		{23960DFD-56CD-4EFC-A702-5DCBEE1A6C5F}.CI|x86.Build.0 = Debug|Any CPU
		{23960DFD-56CD-4EFC-A702-5DCBEE1A6C5F}.Debug|Any CPU.ActiveCfg = Debug|Any CPU
		{23960DFD-56CD-4EFC-A702-5DCBEE1A6C5F}.Debug|Any CPU.Build.0 = Debug|Any CPU
		{23960DFD-56CD-4EFC-A702-5DCBEE1A6C5F}.Debug|ARM.ActiveCfg = Debug|Any CPU
		{23960DFD-56CD-4EFC-A702-5DCBEE1A6C5F}.Debug|ARM.Build.0 = Debug|Any CPU
		{23960DFD-56CD-4EFC-A702-5DCBEE1A6C5F}.Debug|x64.ActiveCfg = Debug|Any CPU
		{23960DFD-56CD-4EFC-A702-5DCBEE1A6C5F}.Debug|x64.Build.0 = Debug|Any CPU
		{23960DFD-56CD-4EFC-A702-5DCBEE1A6C5F}.Debug|x86.ActiveCfg = Debug|Any CPU
		{23960DFD-56CD-4EFC-A702-5DCBEE1A6C5F}.Debug|x86.Build.0 = Debug|Any CPU
		{23960DFD-56CD-4EFC-A702-5DCBEE1A6C5F}.Dev|Any CPU.ActiveCfg = Debug|Any CPU
		{23960DFD-56CD-4EFC-A702-5DCBEE1A6C5F}.Dev|Any CPU.Build.0 = Debug|Any CPU
		{23960DFD-56CD-4EFC-A702-5DCBEE1A6C5F}.Dev|ARM.ActiveCfg = Debug|Any CPU
		{23960DFD-56CD-4EFC-A702-5DCBEE1A6C5F}.Dev|ARM.Build.0 = Debug|Any CPU
		{23960DFD-56CD-4EFC-A702-5DCBEE1A6C5F}.Dev|x64.ActiveCfg = Debug|Any CPU
		{23960DFD-56CD-4EFC-A702-5DCBEE1A6C5F}.Dev|x64.Build.0 = Debug|Any CPU
		{23960DFD-56CD-4EFC-A702-5DCBEE1A6C5F}.Dev|x86.ActiveCfg = Debug|Any CPU
		{23960DFD-56CD-4EFC-A702-5DCBEE1A6C5F}.Dev|x86.Build.0 = Debug|Any CPU
		{23960DFD-56CD-4EFC-A702-5DCBEE1A6C5F}.Devp4|Any CPU.ActiveCfg = Debug|Any CPU
		{23960DFD-56CD-4EFC-A702-5DCBEE1A6C5F}.Devp4|Any CPU.Build.0 = Debug|Any CPU
		{23960DFD-56CD-4EFC-A702-5DCBEE1A6C5F}.Devp4|ARM.ActiveCfg = Debug|Any CPU
		{23960DFD-56CD-4EFC-A702-5DCBEE1A6C5F}.Devp4|ARM.Build.0 = Debug|Any CPU
		{23960DFD-56CD-4EFC-A702-5DCBEE1A6C5F}.Devp4|x64.ActiveCfg = Debug|Any CPU
		{23960DFD-56CD-4EFC-A702-5DCBEE1A6C5F}.Devp4|x64.Build.0 = Debug|Any CPU
		{23960DFD-56CD-4EFC-A702-5DCBEE1A6C5F}.Devp4|x86.ActiveCfg = Debug|Any CPU
		{23960DFD-56CD-4EFC-A702-5DCBEE1A6C5F}.Devp4|x86.Build.0 = Debug|Any CPU
		{23960DFD-56CD-4EFC-A702-5DCBEE1A6C5F}.Release|Any CPU.ActiveCfg = Release|Any CPU
		{23960DFD-56CD-4EFC-A702-5DCBEE1A6C5F}.Release|Any CPU.Build.0 = Release|Any CPU
		{23960DFD-56CD-4EFC-A702-5DCBEE1A6C5F}.Release|ARM.ActiveCfg = Release|Any CPU
		{23960DFD-56CD-4EFC-A702-5DCBEE1A6C5F}.Release|ARM.Build.0 = Release|Any CPU
		{23960DFD-56CD-4EFC-A702-5DCBEE1A6C5F}.Release|x64.ActiveCfg = Release|Any CPU
		{23960DFD-56CD-4EFC-A702-5DCBEE1A6C5F}.Release|x64.Build.0 = Release|Any CPU
		{23960DFD-56CD-4EFC-A702-5DCBEE1A6C5F}.Release|x86.ActiveCfg = Release|Any CPU
		{23960DFD-56CD-4EFC-A702-5DCBEE1A6C5F}.Release|x86.Build.0 = Release|Any CPU
		{8FF6AEA4-A01B-49AD-A7A4-31FD6EE70F83}.CI|Any CPU.ActiveCfg = Debug|Any CPU
		{8FF6AEA4-A01B-49AD-A7A4-31FD6EE70F83}.CI|Any CPU.Build.0 = Debug|Any CPU
		{8FF6AEA4-A01B-49AD-A7A4-31FD6EE70F83}.CI|ARM.ActiveCfg = Debug|Any CPU
		{8FF6AEA4-A01B-49AD-A7A4-31FD6EE70F83}.CI|ARM.Build.0 = Debug|Any CPU
		{8FF6AEA4-A01B-49AD-A7A4-31FD6EE70F83}.CI|x64.ActiveCfg = Debug|Any CPU
		{8FF6AEA4-A01B-49AD-A7A4-31FD6EE70F83}.CI|x64.Build.0 = Debug|Any CPU
		{8FF6AEA4-A01B-49AD-A7A4-31FD6EE70F83}.CI|x86.ActiveCfg = Debug|Any CPU
		{8FF6AEA4-A01B-49AD-A7A4-31FD6EE70F83}.CI|x86.Build.0 = Debug|Any CPU
		{8FF6AEA4-A01B-49AD-A7A4-31FD6EE70F83}.Debug|Any CPU.ActiveCfg = Debug|Any CPU
		{8FF6AEA4-A01B-49AD-A7A4-31FD6EE70F83}.Debug|Any CPU.Build.0 = Debug|Any CPU
		{8FF6AEA4-A01B-49AD-A7A4-31FD6EE70F83}.Debug|ARM.ActiveCfg = Debug|Any CPU
		{8FF6AEA4-A01B-49AD-A7A4-31FD6EE70F83}.Debug|ARM.Build.0 = Debug|Any CPU
		{8FF6AEA4-A01B-49AD-A7A4-31FD6EE70F83}.Debug|x64.ActiveCfg = Debug|Any CPU
		{8FF6AEA4-A01B-49AD-A7A4-31FD6EE70F83}.Debug|x64.Build.0 = Debug|Any CPU
		{8FF6AEA4-A01B-49AD-A7A4-31FD6EE70F83}.Debug|x86.ActiveCfg = Debug|Any CPU
		{8FF6AEA4-A01B-49AD-A7A4-31FD6EE70F83}.Debug|x86.Build.0 = Debug|Any CPU
		{8FF6AEA4-A01B-49AD-A7A4-31FD6EE70F83}.Dev|Any CPU.ActiveCfg = Debug|Any CPU
		{8FF6AEA4-A01B-49AD-A7A4-31FD6EE70F83}.Dev|Any CPU.Build.0 = Debug|Any CPU
		{8FF6AEA4-A01B-49AD-A7A4-31FD6EE70F83}.Dev|ARM.ActiveCfg = Debug|Any CPU
		{8FF6AEA4-A01B-49AD-A7A4-31FD6EE70F83}.Dev|ARM.Build.0 = Debug|Any CPU
		{8FF6AEA4-A01B-49AD-A7A4-31FD6EE70F83}.Dev|x64.ActiveCfg = Debug|Any CPU
		{8FF6AEA4-A01B-49AD-A7A4-31FD6EE70F83}.Dev|x64.Build.0 = Debug|Any CPU
		{8FF6AEA4-A01B-49AD-A7A4-31FD6EE70F83}.Dev|x86.ActiveCfg = Debug|Any CPU
		{8FF6AEA4-A01B-49AD-A7A4-31FD6EE70F83}.Dev|x86.Build.0 = Debug|Any CPU
		{8FF6AEA4-A01B-49AD-A7A4-31FD6EE70F83}.Devp4|Any CPU.ActiveCfg = Debug|Any CPU
		{8FF6AEA4-A01B-49AD-A7A4-31FD6EE70F83}.Devp4|Any CPU.Build.0 = Debug|Any CPU
		{8FF6AEA4-A01B-49AD-A7A4-31FD6EE70F83}.Devp4|ARM.ActiveCfg = Debug|Any CPU
		{8FF6AEA4-A01B-49AD-A7A4-31FD6EE70F83}.Devp4|ARM.Build.0 = Debug|Any CPU
		{8FF6AEA4-A01B-49AD-A7A4-31FD6EE70F83}.Devp4|x64.ActiveCfg = Debug|Any CPU
		{8FF6AEA4-A01B-49AD-A7A4-31FD6EE70F83}.Devp4|x64.Build.0 = Debug|Any CPU
		{8FF6AEA4-A01B-49AD-A7A4-31FD6EE70F83}.Devp4|x86.ActiveCfg = Debug|Any CPU
		{8FF6AEA4-A01B-49AD-A7A4-31FD6EE70F83}.Devp4|x86.Build.0 = Debug|Any CPU
		{8FF6AEA4-A01B-49AD-A7A4-31FD6EE70F83}.Release|Any CPU.ActiveCfg = Release|Any CPU
		{8FF6AEA4-A01B-49AD-A7A4-31FD6EE70F83}.Release|Any CPU.Build.0 = Release|Any CPU
		{8FF6AEA4-A01B-49AD-A7A4-31FD6EE70F83}.Release|ARM.ActiveCfg = Release|Any CPU
		{8FF6AEA4-A01B-49AD-A7A4-31FD6EE70F83}.Release|ARM.Build.0 = Release|Any CPU
		{8FF6AEA4-A01B-49AD-A7A4-31FD6EE70F83}.Release|x64.ActiveCfg = Release|Any CPU
		{8FF6AEA4-A01B-49AD-A7A4-31FD6EE70F83}.Release|x64.Build.0 = Release|Any CPU
		{8FF6AEA4-A01B-49AD-A7A4-31FD6EE70F83}.Release|x86.ActiveCfg = Release|Any CPU
		{8FF6AEA4-A01B-49AD-A7A4-31FD6EE70F83}.Release|x86.Build.0 = Release|Any CPU
		{5D2BDA18-AE00-472D-B81A-EEB71B68AF6D}.CI|Any CPU.ActiveCfg = Debug|Any CPU
		{5D2BDA18-AE00-472D-B81A-EEB71B68AF6D}.CI|Any CPU.Build.0 = Debug|Any CPU
		{5D2BDA18-AE00-472D-B81A-EEB71B68AF6D}.CI|ARM.ActiveCfg = Debug|Any CPU
		{5D2BDA18-AE00-472D-B81A-EEB71B68AF6D}.CI|ARM.Build.0 = Debug|Any CPU
		{5D2BDA18-AE00-472D-B81A-EEB71B68AF6D}.CI|x64.ActiveCfg = Debug|Any CPU
		{5D2BDA18-AE00-472D-B81A-EEB71B68AF6D}.CI|x64.Build.0 = Debug|Any CPU
		{5D2BDA18-AE00-472D-B81A-EEB71B68AF6D}.CI|x86.ActiveCfg = Debug|Any CPU
		{5D2BDA18-AE00-472D-B81A-EEB71B68AF6D}.CI|x86.Build.0 = Debug|Any CPU
		{5D2BDA18-AE00-472D-B81A-EEB71B68AF6D}.Debug|Any CPU.ActiveCfg = Debug|Any CPU
		{5D2BDA18-AE00-472D-B81A-EEB71B68AF6D}.Debug|Any CPU.Build.0 = Debug|Any CPU
		{5D2BDA18-AE00-472D-B81A-EEB71B68AF6D}.Debug|ARM.ActiveCfg = Debug|Any CPU
		{5D2BDA18-AE00-472D-B81A-EEB71B68AF6D}.Debug|ARM.Build.0 = Debug|Any CPU
		{5D2BDA18-AE00-472D-B81A-EEB71B68AF6D}.Debug|x64.ActiveCfg = Debug|Any CPU
		{5D2BDA18-AE00-472D-B81A-EEB71B68AF6D}.Debug|x64.Build.0 = Debug|Any CPU
		{5D2BDA18-AE00-472D-B81A-EEB71B68AF6D}.Debug|x86.ActiveCfg = Debug|Any CPU
		{5D2BDA18-AE00-472D-B81A-EEB71B68AF6D}.Debug|x86.Build.0 = Debug|Any CPU
		{5D2BDA18-AE00-472D-B81A-EEB71B68AF6D}.Dev|Any CPU.ActiveCfg = Debug|Any CPU
		{5D2BDA18-AE00-472D-B81A-EEB71B68AF6D}.Dev|Any CPU.Build.0 = Debug|Any CPU
		{5D2BDA18-AE00-472D-B81A-EEB71B68AF6D}.Dev|ARM.ActiveCfg = Debug|Any CPU
		{5D2BDA18-AE00-472D-B81A-EEB71B68AF6D}.Dev|ARM.Build.0 = Debug|Any CPU
		{5D2BDA18-AE00-472D-B81A-EEB71B68AF6D}.Dev|x64.ActiveCfg = Debug|Any CPU
		{5D2BDA18-AE00-472D-B81A-EEB71B68AF6D}.Dev|x64.Build.0 = Debug|Any CPU
		{5D2BDA18-AE00-472D-B81A-EEB71B68AF6D}.Dev|x86.ActiveCfg = Debug|Any CPU
		{5D2BDA18-AE00-472D-B81A-EEB71B68AF6D}.Dev|x86.Build.0 = Debug|Any CPU
		{5D2BDA18-AE00-472D-B81A-EEB71B68AF6D}.Devp4|Any CPU.ActiveCfg = Debug|Any CPU
		{5D2BDA18-AE00-472D-B81A-EEB71B68AF6D}.Devp4|Any CPU.Build.0 = Debug|Any CPU
		{5D2BDA18-AE00-472D-B81A-EEB71B68AF6D}.Devp4|ARM.ActiveCfg = Debug|Any CPU
		{5D2BDA18-AE00-472D-B81A-EEB71B68AF6D}.Devp4|ARM.Build.0 = Debug|Any CPU
		{5D2BDA18-AE00-472D-B81A-EEB71B68AF6D}.Devp4|x64.ActiveCfg = Debug|Any CPU
		{5D2BDA18-AE00-472D-B81A-EEB71B68AF6D}.Devp4|x64.Build.0 = Debug|Any CPU
		{5D2BDA18-AE00-472D-B81A-EEB71B68AF6D}.Devp4|x86.ActiveCfg = Debug|Any CPU
		{5D2BDA18-AE00-472D-B81A-EEB71B68AF6D}.Devp4|x86.Build.0 = Debug|Any CPU
		{5D2BDA18-AE00-472D-B81A-EEB71B68AF6D}.Release|Any CPU.ActiveCfg = Release|Any CPU
		{5D2BDA18-AE00-472D-B81A-EEB71B68AF6D}.Release|Any CPU.Build.0 = Release|Any CPU
		{5D2BDA18-AE00-472D-B81A-EEB71B68AF6D}.Release|ARM.ActiveCfg = Release|Any CPU
		{5D2BDA18-AE00-472D-B81A-EEB71B68AF6D}.Release|ARM.Build.0 = Release|Any CPU
		{5D2BDA18-AE00-472D-B81A-EEB71B68AF6D}.Release|x64.ActiveCfg = Release|Any CPU
		{5D2BDA18-AE00-472D-B81A-EEB71B68AF6D}.Release|x64.Build.0 = Release|Any CPU
		{5D2BDA18-AE00-472D-B81A-EEB71B68AF6D}.Release|x86.ActiveCfg = Release|Any CPU
		{5D2BDA18-AE00-472D-B81A-EEB71B68AF6D}.Release|x86.Build.0 = Release|Any CPU
		{8D4C2501-82D3-421E-8A2B-FD7472308AC0}.CI|Any CPU.ActiveCfg = Debug|Any CPU
		{8D4C2501-82D3-421E-8A2B-FD7472308AC0}.CI|Any CPU.Build.0 = Debug|Any CPU
		{8D4C2501-82D3-421E-8A2B-FD7472308AC0}.CI|ARM.ActiveCfg = Debug|Any CPU
		{8D4C2501-82D3-421E-8A2B-FD7472308AC0}.CI|ARM.Build.0 = Debug|Any CPU
		{8D4C2501-82D3-421E-8A2B-FD7472308AC0}.CI|x64.ActiveCfg = Debug|Any CPU
		{8D4C2501-82D3-421E-8A2B-FD7472308AC0}.CI|x64.Build.0 = Debug|Any CPU
		{8D4C2501-82D3-421E-8A2B-FD7472308AC0}.CI|x86.ActiveCfg = Debug|Any CPU
		{8D4C2501-82D3-421E-8A2B-FD7472308AC0}.CI|x86.Build.0 = Debug|Any CPU
		{8D4C2501-82D3-421E-8A2B-FD7472308AC0}.Debug|Any CPU.ActiveCfg = Debug|Any CPU
		{8D4C2501-82D3-421E-8A2B-FD7472308AC0}.Debug|Any CPU.Build.0 = Debug|Any CPU
		{8D4C2501-82D3-421E-8A2B-FD7472308AC0}.Debug|ARM.ActiveCfg = Debug|Any CPU
		{8D4C2501-82D3-421E-8A2B-FD7472308AC0}.Debug|ARM.Build.0 = Debug|Any CPU
		{8D4C2501-82D3-421E-8A2B-FD7472308AC0}.Debug|x64.ActiveCfg = Debug|Any CPU
		{8D4C2501-82D3-421E-8A2B-FD7472308AC0}.Debug|x64.Build.0 = Debug|Any CPU
		{8D4C2501-82D3-421E-8A2B-FD7472308AC0}.Debug|x86.ActiveCfg = Debug|Any CPU
		{8D4C2501-82D3-421E-8A2B-FD7472308AC0}.Debug|x86.Build.0 = Debug|Any CPU
		{8D4C2501-82D3-421E-8A2B-FD7472308AC0}.Dev|Any CPU.ActiveCfg = Debug|Any CPU
		{8D4C2501-82D3-421E-8A2B-FD7472308AC0}.Dev|Any CPU.Build.0 = Debug|Any CPU
		{8D4C2501-82D3-421E-8A2B-FD7472308AC0}.Dev|ARM.ActiveCfg = Debug|Any CPU
		{8D4C2501-82D3-421E-8A2B-FD7472308AC0}.Dev|ARM.Build.0 = Debug|Any CPU
		{8D4C2501-82D3-421E-8A2B-FD7472308AC0}.Dev|x64.ActiveCfg = Debug|Any CPU
		{8D4C2501-82D3-421E-8A2B-FD7472308AC0}.Dev|x64.Build.0 = Debug|Any CPU
		{8D4C2501-82D3-421E-8A2B-FD7472308AC0}.Dev|x86.ActiveCfg = Debug|Any CPU
		{8D4C2501-82D3-421E-8A2B-FD7472308AC0}.Dev|x86.Build.0 = Debug|Any CPU
		{8D4C2501-82D3-421E-8A2B-FD7472308AC0}.Devp4|Any CPU.ActiveCfg = Debug|Any CPU
		{8D4C2501-82D3-421E-8A2B-FD7472308AC0}.Devp4|Any CPU.Build.0 = Debug|Any CPU
		{8D4C2501-82D3-421E-8A2B-FD7472308AC0}.Devp4|ARM.ActiveCfg = Debug|Any CPU
		{8D4C2501-82D3-421E-8A2B-FD7472308AC0}.Devp4|ARM.Build.0 = Debug|Any CPU
		{8D4C2501-82D3-421E-8A2B-FD7472308AC0}.Devp4|x64.ActiveCfg = Debug|Any CPU
		{8D4C2501-82D3-421E-8A2B-FD7472308AC0}.Devp4|x64.Build.0 = Debug|Any CPU
		{8D4C2501-82D3-421E-8A2B-FD7472308AC0}.Devp4|x86.ActiveCfg = Debug|Any CPU
		{8D4C2501-82D3-421E-8A2B-FD7472308AC0}.Devp4|x86.Build.0 = Debug|Any CPU
		{8D4C2501-82D3-421E-8A2B-FD7472308AC0}.Release|Any CPU.ActiveCfg = Release|Any CPU
		{8D4C2501-82D3-421E-8A2B-FD7472308AC0}.Release|Any CPU.Build.0 = Release|Any CPU
		{8D4C2501-82D3-421E-8A2B-FD7472308AC0}.Release|ARM.ActiveCfg = Release|Any CPU
		{8D4C2501-82D3-421E-8A2B-FD7472308AC0}.Release|ARM.Build.0 = Release|Any CPU
		{8D4C2501-82D3-421E-8A2B-FD7472308AC0}.Release|x64.ActiveCfg = Release|Any CPU
		{8D4C2501-82D3-421E-8A2B-FD7472308AC0}.Release|x64.Build.0 = Release|Any CPU
		{8D4C2501-82D3-421E-8A2B-FD7472308AC0}.Release|x86.ActiveCfg = Release|Any CPU
		{8D4C2501-82D3-421E-8A2B-FD7472308AC0}.Release|x86.Build.0 = Release|Any CPU
		{BF695A48-47E4-4244-A100-5CAEF96C2C67}.CI|Any CPU.ActiveCfg = Debug|Any CPU
		{BF695A48-47E4-4244-A100-5CAEF96C2C67}.CI|Any CPU.Build.0 = Debug|Any CPU
		{BF695A48-47E4-4244-A100-5CAEF96C2C67}.CI|ARM.ActiveCfg = Debug|Any CPU
		{BF695A48-47E4-4244-A100-5CAEF96C2C67}.CI|ARM.Build.0 = Debug|Any CPU
		{BF695A48-47E4-4244-A100-5CAEF96C2C67}.CI|x64.ActiveCfg = Debug|Any CPU
		{BF695A48-47E4-4244-A100-5CAEF96C2C67}.CI|x64.Build.0 = Debug|Any CPU
		{BF695A48-47E4-4244-A100-5CAEF96C2C67}.CI|x86.ActiveCfg = Debug|Any CPU
		{BF695A48-47E4-4244-A100-5CAEF96C2C67}.CI|x86.Build.0 = Debug|Any CPU
		{BF695A48-47E4-4244-A100-5CAEF96C2C67}.Debug|Any CPU.ActiveCfg = Debug|Any CPU
		{BF695A48-47E4-4244-A100-5CAEF96C2C67}.Debug|Any CPU.Build.0 = Debug|Any CPU
		{BF695A48-47E4-4244-A100-5CAEF96C2C67}.Debug|ARM.ActiveCfg = Debug|Any CPU
		{BF695A48-47E4-4244-A100-5CAEF96C2C67}.Debug|ARM.Build.0 = Debug|Any CPU
		{BF695A48-47E4-4244-A100-5CAEF96C2C67}.Debug|x64.ActiveCfg = Debug|Any CPU
		{BF695A48-47E4-4244-A100-5CAEF96C2C67}.Debug|x64.Build.0 = Debug|Any CPU
		{BF695A48-47E4-4244-A100-5CAEF96C2C67}.Debug|x86.ActiveCfg = Debug|Any CPU
		{BF695A48-47E4-4244-A100-5CAEF96C2C67}.Debug|x86.Build.0 = Debug|Any CPU
		{BF695A48-47E4-4244-A100-5CAEF96C2C67}.Dev|Any CPU.ActiveCfg = Debug|Any CPU
		{BF695A48-47E4-4244-A100-5CAEF96C2C67}.Dev|Any CPU.Build.0 = Debug|Any CPU
		{BF695A48-47E4-4244-A100-5CAEF96C2C67}.Dev|ARM.ActiveCfg = Debug|Any CPU
		{BF695A48-47E4-4244-A100-5CAEF96C2C67}.Dev|ARM.Build.0 = Debug|Any CPU
		{BF695A48-47E4-4244-A100-5CAEF96C2C67}.Dev|x64.ActiveCfg = Debug|Any CPU
		{BF695A48-47E4-4244-A100-5CAEF96C2C67}.Dev|x64.Build.0 = Debug|Any CPU
		{BF695A48-47E4-4244-A100-5CAEF96C2C67}.Dev|x86.ActiveCfg = Debug|Any CPU
		{BF695A48-47E4-4244-A100-5CAEF96C2C67}.Dev|x86.Build.0 = Debug|Any CPU
		{BF695A48-47E4-4244-A100-5CAEF96C2C67}.Devp4|Any CPU.ActiveCfg = Debug|Any CPU
		{BF695A48-47E4-4244-A100-5CAEF96C2C67}.Devp4|Any CPU.Build.0 = Debug|Any CPU
		{BF695A48-47E4-4244-A100-5CAEF96C2C67}.Devp4|ARM.ActiveCfg = Debug|Any CPU
		{BF695A48-47E4-4244-A100-5CAEF96C2C67}.Devp4|ARM.Build.0 = Debug|Any CPU
		{BF695A48-47E4-4244-A100-5CAEF96C2C67}.Devp4|x64.ActiveCfg = Debug|Any CPU
		{BF695A48-47E4-4244-A100-5CAEF96C2C67}.Devp4|x64.Build.0 = Debug|Any CPU
		{BF695A48-47E4-4244-A100-5CAEF96C2C67}.Devp4|x86.ActiveCfg = Debug|Any CPU
		{BF695A48-47E4-4244-A100-5CAEF96C2C67}.Devp4|x86.Build.0 = Debug|Any CPU
		{BF695A48-47E4-4244-A100-5CAEF96C2C67}.Release|Any CPU.ActiveCfg = Release|Any CPU
		{BF695A48-47E4-4244-A100-5CAEF96C2C67}.Release|Any CPU.Build.0 = Release|Any CPU
		{BF695A48-47E4-4244-A100-5CAEF96C2C67}.Release|ARM.ActiveCfg = Release|Any CPU
		{BF695A48-47E4-4244-A100-5CAEF96C2C67}.Release|ARM.Build.0 = Release|Any CPU
		{BF695A48-47E4-4244-A100-5CAEF96C2C67}.Release|x64.ActiveCfg = Release|Any CPU
		{BF695A48-47E4-4244-A100-5CAEF96C2C67}.Release|x64.Build.0 = Release|Any CPU
		{BF695A48-47E4-4244-A100-5CAEF96C2C67}.Release|x86.ActiveCfg = Release|Any CPU
		{BF695A48-47E4-4244-A100-5CAEF96C2C67}.Release|x86.Build.0 = Release|Any CPU
		{26D33A89-E438-4711-BBF1-32501CB22FCF}.CI|Any CPU.ActiveCfg = Debug|Any CPU
		{26D33A89-E438-4711-BBF1-32501CB22FCF}.CI|Any CPU.Build.0 = Debug|Any CPU
		{26D33A89-E438-4711-BBF1-32501CB22FCF}.CI|ARM.ActiveCfg = Debug|Any CPU
		{26D33A89-E438-4711-BBF1-32501CB22FCF}.CI|ARM.Build.0 = Debug|Any CPU
		{26D33A89-E438-4711-BBF1-32501CB22FCF}.CI|x64.ActiveCfg = Debug|Any CPU
		{26D33A89-E438-4711-BBF1-32501CB22FCF}.CI|x64.Build.0 = Debug|Any CPU
		{26D33A89-E438-4711-BBF1-32501CB22FCF}.CI|x86.ActiveCfg = Debug|Any CPU
		{26D33A89-E438-4711-BBF1-32501CB22FCF}.CI|x86.Build.0 = Debug|Any CPU
		{26D33A89-E438-4711-BBF1-32501CB22FCF}.Debug|Any CPU.ActiveCfg = Debug|Any CPU
		{26D33A89-E438-4711-BBF1-32501CB22FCF}.Debug|Any CPU.Build.0 = Debug|Any CPU
		{26D33A89-E438-4711-BBF1-32501CB22FCF}.Debug|ARM.ActiveCfg = Debug|Any CPU
		{26D33A89-E438-4711-BBF1-32501CB22FCF}.Debug|ARM.Build.0 = Debug|Any CPU
		{26D33A89-E438-4711-BBF1-32501CB22FCF}.Debug|x64.ActiveCfg = Debug|Any CPU
		{26D33A89-E438-4711-BBF1-32501CB22FCF}.Debug|x64.Build.0 = Debug|Any CPU
		{26D33A89-E438-4711-BBF1-32501CB22FCF}.Debug|x86.ActiveCfg = Debug|Any CPU
		{26D33A89-E438-4711-BBF1-32501CB22FCF}.Debug|x86.Build.0 = Debug|Any CPU
		{26D33A89-E438-4711-BBF1-32501CB22FCF}.Dev|Any CPU.ActiveCfg = Debug|Any CPU
		{26D33A89-E438-4711-BBF1-32501CB22FCF}.Dev|Any CPU.Build.0 = Debug|Any CPU
		{26D33A89-E438-4711-BBF1-32501CB22FCF}.Dev|ARM.ActiveCfg = Debug|Any CPU
		{26D33A89-E438-4711-BBF1-32501CB22FCF}.Dev|ARM.Build.0 = Debug|Any CPU
		{26D33A89-E438-4711-BBF1-32501CB22FCF}.Dev|x64.ActiveCfg = Debug|Any CPU
		{26D33A89-E438-4711-BBF1-32501CB22FCF}.Dev|x64.Build.0 = Debug|Any CPU
		{26D33A89-E438-4711-BBF1-32501CB22FCF}.Dev|x86.ActiveCfg = Debug|Any CPU
		{26D33A89-E438-4711-BBF1-32501CB22FCF}.Dev|x86.Build.0 = Debug|Any CPU
		{26D33A89-E438-4711-BBF1-32501CB22FCF}.Devp4|Any CPU.ActiveCfg = Debug|Any CPU
		{26D33A89-E438-4711-BBF1-32501CB22FCF}.Devp4|Any CPU.Build.0 = Debug|Any CPU
		{26D33A89-E438-4711-BBF1-32501CB22FCF}.Devp4|ARM.ActiveCfg = Debug|Any CPU
		{26D33A89-E438-4711-BBF1-32501CB22FCF}.Devp4|ARM.Build.0 = Debug|Any CPU
		{26D33A89-E438-4711-BBF1-32501CB22FCF}.Devp4|x64.ActiveCfg = Debug|Any CPU
		{26D33A89-E438-4711-BBF1-32501CB22FCF}.Devp4|x64.Build.0 = Debug|Any CPU
		{26D33A89-E438-4711-BBF1-32501CB22FCF}.Devp4|x86.ActiveCfg = Debug|Any CPU
		{26D33A89-E438-4711-BBF1-32501CB22FCF}.Devp4|x86.Build.0 = Debug|Any CPU
		{26D33A89-E438-4711-BBF1-32501CB22FCF}.Release|Any CPU.ActiveCfg = Release|Any CPU
		{26D33A89-E438-4711-BBF1-32501CB22FCF}.Release|Any CPU.Build.0 = Release|Any CPU
		{26D33A89-E438-4711-BBF1-32501CB22FCF}.Release|ARM.ActiveCfg = Release|Any CPU
		{26D33A89-E438-4711-BBF1-32501CB22FCF}.Release|ARM.Build.0 = Release|Any CPU
		{26D33A89-E438-4711-BBF1-32501CB22FCF}.Release|x64.ActiveCfg = Release|Any CPU
		{26D33A89-E438-4711-BBF1-32501CB22FCF}.Release|x64.Build.0 = Release|Any CPU
		{26D33A89-E438-4711-BBF1-32501CB22FCF}.Release|x86.ActiveCfg = Release|Any CPU
		{26D33A89-E438-4711-BBF1-32501CB22FCF}.Release|x86.Build.0 = Release|Any CPU
	EndGlobalSection
	GlobalSection(SolutionProperties) = preSolution
		HideSolutionNode = FALSE
	EndGlobalSection
	GlobalSection(NestedProjects) = preSolution
		{26B3033C-D1E2-4188-870C-D197E95A7F6B} = {59F722D5-6E5C-4544-A849-18E7CE876FDF}
		{CB2CB168-36C8-4D55-809C-7061CF4F6854} = {16A9EA72-79A5-448D-B7A3-55E7D8362479}
		{ACA22B1F-7187-4E71-9D27-7196C1374086} = {5014C740-F6C7-4995-8D40-C250FB159A20}
		{541C9DCC-3656-459D-AD99-A0CD03D264D6} = {023F1F7D-5F49-430F-9CC4-5FF891439548}
		{23960DFD-56CD-4EFC-A702-5DCBEE1A6C5F} = {59F722D5-6E5C-4544-A849-18E7CE876FDF}
		{8FF6AEA4-A01B-49AD-A7A4-31FD6EE70F83} = {59F722D5-6E5C-4544-A849-18E7CE876FDF}
		{5D2BDA18-AE00-472D-B81A-EEB71B68AF6D} = {3C626068-E8CE-4F62-8974-F42A56F4EFD3}
		{8D4C2501-82D3-421E-8A2B-FD7472308AC0} = {59F722D5-6E5C-4544-A849-18E7CE876FDF}
		{BF695A48-47E4-4244-A100-5CAEF96C2C67} = {1AD0980F-0C79-4F83-A638-5CB22ED62675}
		{26D33A89-E438-4711-BBF1-32501CB22FCF} = {5014C740-F6C7-4995-8D40-C250FB159A20}
	EndGlobalSection
	GlobalSection(ExtensibilityGlobals) = postSolution
		SolutionGuid = {2CBD5A8C-E3D2-41F2-9202-D9B8280AA317}
	EndGlobalSection
EndGlobal
