
Microsoft Visual Studio Solution File, Format Version 12.00
# Visual Studio Version 17
VisualStudioVersion = 17.5.002.0
MinimumVisualStudioVersion = 10.0.40219.1
Project("{9A19103F-16F7-4668-BE54-9A1E7A4F7556}") = "Moonsharp.Hardwire", "MoonSharp.Hardwire\Moonsharp.Hardwire.csproj", "{FFC672B5-8075-415B-9632-DE7CCF23B4F7}"
EndProject
Project("{9A19103F-16F7-4668-BE54-9A1E7A4F7556}") = "MoonSharp.Interpreter", "MoonSharp.Interpreter\MoonSharp.Interpreter.csproj", "{B02F91B5-5C69-4633-B996-0156FF8FCC9D}"
EndProject
Project("{9A19103F-16F7-4668-BE54-9A1E7A4F7556}") = "MoonSharp.VsCodeDebugger", "MoonSharp.VsCodeDebugger\MoonSharp.VsCodeDebugger.csproj", "{C2515B24-AC9A-4FB5-8B7A-EBD33BD5DE9A}"
EndProject
Project("{9A19103F-16F7-4668-BE54-9A1E7A4F7556}") = "MoonSharpPreGen", "MoonSharpPreGen\MoonSharpPreGen.csproj", "{8F1A1DAC-3833-4E85-95F5-D017C7330C1A}"
EndProject
Project("{2150E333-8FDC-42A3-9474-1A3956D46DE8}") = "TestRunners", "TestRunners", "{F2F69862-220D-4ACD-B6D9-08B735442838}"
EndProject
Project("{9A19103F-16F7-4668-BE54-9A1E7A4F7556}") = "DotNetCoreTestRunner", "TestRunners\DotNetCoreTestRunner\DotNetCoreTestRunner.csproj", "{59958182-61AE-42B4-AC79-95B016C9A48B}"
EndProject
Global
	GlobalSection(SolutionConfigurationPlatforms) = preSolution
		Debug|Any CPU = Debug|Any CPU
		Release|Any CPU = Release|Any CPU
	EndGlobalSection
	GlobalSection(ProjectConfigurationPlatforms) = postSolution
		{FFC672B5-8075-415B-9632-DE7CCF23B4F7}.Debug|Any CPU.ActiveCfg = Debug|Any CPU
		{FFC672B5-8075-415B-9632-DE7CCF23B4F7}.Debug|Any CPU.Build.0 = Debug|Any CPU
		{FFC672B5-8075-415B-9632-DE7CCF23B4F7}.Release|Any CPU.ActiveCfg = Release|Any CPU
		{FFC672B5-8075-415B-9632-DE7CCF23B4F7}.Release|Any CPU.Build.0 = Release|Any CPU
		{B02F91B5-5C69-4633-B996-0156FF8FCC9D}.Debug|Any CPU.ActiveCfg = Debug|Any CPU
		{B02F91B5-5C69-4633-B996-0156FF8FCC9D}.Debug|Any CPU.Build.0 = Debug|Any CPU
		{B02F91B5-5C69-4633-B996-0156FF8FCC9D}.Release|Any CPU.ActiveCfg = Release|Any CPU
		{B02F91B5-5C69-4633-B996-0156FF8FCC9D}.Release|Any CPU.Build.0 = Release|Any CPU
		{C2515B24-AC9A-4FB5-8B7A-EBD33BD5DE9A}.Debug|Any CPU.ActiveCfg = Debug|Any CPU
		{C2515B24-AC9A-4FB5-8B7A-EBD33BD5DE9A}.Debug|Any CPU.Build.0 = Debug|Any CPU
		{C2515B24-AC9A-4FB5-8B7A-EBD33BD5DE9A}.Release|Any CPU.ActiveCfg = Release|Any CPU
		{C2515B24-AC9A-4FB5-8B7A-EBD33BD5DE9A}.Release|Any CPU.Build.0 = Release|Any CPU
		{8F1A1DAC-3833-4E85-95F5-D017C7330C1A}.Debug|Any CPU.ActiveCfg = Debug|Any CPU
		{8F1A1DAC-3833-4E85-95F5-D017C7330C1A}.Debug|Any CPU.Build.0 = Debug|Any CPU
		{8F1A1DAC-3833-4E85-95F5-D017C7330C1A}.Release|Any CPU.ActiveCfg = Release|Any CPU
		{8F1A1DAC-3833-4E85-95F5-D017C7330C1A}.Release|Any CPU.Build.0 = Release|Any CPU
		{59958182-61AE-42B4-AC79-95B016C9A48B}.Debug|Any CPU.ActiveCfg = Debug|Any CPU
		{59958182-61AE-42B4-AC79-95B016C9A48B}.Debug|Any CPU.Build.0 = Debug|Any CPU
		{59958182-61AE-42B4-AC79-95B016C9A48B}.Release|Any CPU.ActiveCfg = Release|Any CPU
		{59958182-61AE-42B4-AC79-95B016C9A48B}.Release|Any CPU.Build.0 = Release|Any CPU
	EndGlobalSection
	GlobalSection(SolutionProperties) = preSolution
		HideSolutionNode = FALSE
	EndGlobalSection
	GlobalSection(NestedProjects) = preSolution
		{59958182-61AE-42B4-AC79-95B016C9A48B} = {F2F69862-220D-4ACD-B6D9-08B735442838}
	EndGlobalSection
	GlobalSection(ExtensibilityGlobals) = postSolution
		SolutionGuid = {B55126C9-30BD-436C-AE00-7EA6F7751A96}
	EndGlobalSection
EndGlobal
